
Microsoft Visual Studio Solution File, Format Version 12.00
# Visual Studio Version 17
VisualStudioVersion = 17.3.32811.315
MinimumVisualStudioVersion = 10.0.40219.1
Project("{FAE04EC0-301F-11D3-BF4B-00C04F79EFBC}") = "MVCMovie", "MVCMovie.csproj", "{0DF48A97-B6A0-491A-8A67-CCFCC0330913}"
EndProject
Global
	GlobalSection(SolutionConfigurationPlatforms) = preSolution
		Debug|Any CPU = Debug|Any CPU
		Release|Any CPU = Release|Any CPU
	EndGlobalSection
	GlobalSection(ProjectConfigurationPlatforms) = postSolution
		{0DF48A97-B6A0-491A-8A67-CCFCC0330913}.Debug|Any CPU.ActiveCfg = Debug|Any CPU
		{0DF48A97-B6A0-491A-8A67-CCFCC0330913}.Debug|Any CPU.Build.0 = Debug|Any CPU
		{0DF48A97-B6A0-491A-8A67-CCFCC0330913}.Release|Any CPU.ActiveCfg = Release|Any CPU
		{0DF48A97-B6A0-491A-8A67-CCFCC0330913}.Release|Any CPU.Build.0 = Release|Any CPU
	EndGlobalSection
	GlobalSection(SolutionProperties) = preSolution
		HideSolutionNode = FALSE
	EndGlobalSection
	GlobalSection(ExtensibilityGlobals) = postSolution
		SolutionGuid = {36FC4B86-2BF8-4F82-BDE5-9F3E34D185E6}
	EndGlobalSection
EndGlobal
