
Microsoft Visual Studio Solution File, Format Version 12.00
# Visual Studio Version 17
VisualStudioVersion = 17.3.32811.315
MinimumVisualStudioVersion = 10.0.40219.1
Project("{FAE04EC0-301F-11D3-BF4B-00C04F79EFBC}") = "createproject", "createproject\createproject.csproj", "{692B03E5-29F1-414C-93E6-A90CB76DFF77}"
EndProject
Global
	GlobalSection(SolutionConfigurationPlatforms) = preSolution
		Debug|Any CPU = Debug|Any CPU
		Release|Any CPU = Release|Any CPU
	EndGlobalSection
	GlobalSection(ProjectConfigurationPlatforms) = postSolution
		{692B03E5-29F1-414C-93E6-A90CB76DFF77}.Debug|Any CPU.ActiveCfg = Debug|Any CPU
		{692B03E5-29F1-414C-93E6-A90CB76DFF77}.Debug|Any CPU.Build.0 = Debug|Any CPU
		{692B03E5-29F1-414C-93E6-A90CB76DFF77}.Release|Any CPU.ActiveCfg = Release|Any CPU
		{692B03E5-29F1-414C-93E6-A90CB76DFF77}.Release|Any CPU.Build.0 = Release|Any CPU
	EndGlobalSection
	GlobalSection(SolutionProperties) = preSolution
		HideSolutionNode = FALSE
	EndGlobalSection
	GlobalSection(ExtensibilityGlobals) = postSolution
		SolutionGuid = {A1901E86-4E61-4ECB-BAE8-570423B34C0B}
	EndGlobalSection
EndGlobal
